github.com/go-chi/chi/v5 v5.1.0 h1:acVI1TYaD+hhedDJ3r54HyA6sExp3HfXq7QWEEY/xMw=
github.com/go-chi/chi/v5 v5.1.0/go.mod h1:DslCQbL2OYiznFReuXYUmQ2hGd1aDpCnlMNITLSKoi8=
github.com/joho/godotenv v1.5.1 h1:7eCye/0HDP99c8hW97bRmRwVZ8e0dOqoY2K47hTmuM=
github.com/joho/godotenv v1.5.1/go.mod h1:3auPlQDHbedMRs76RFHy8vTT9qRLEU82gqPD1QFMYvPY=
github.com/lib/pq v1.10.9 h1:YXG7RB+JIjhP29X+OtkiDnYaXQwpS4JEWq7dtCCRUEw=
github.com/lib/pq v1.10.9/go.mod h1:AlVN5x4E4T544tWzH6hKFbGRn7nbIqu9HhEDnDfBij0=
